
Microsoft Visual Studio Solution File, Format Version 12.00
# Visual Studio Version 17
VisualStudioVersion = 17.4.33213.308
MinimumVisualStudioVersion = 10.0.40219.1
Project("{FAE04EC0-301F-11D3-BF4B-00C04F79EFBC}") = "EsRientrofcs", "EsRientrofcs\EsRientrofcs.csproj", "{A41B6067-8AB2-4D5E-A904-A21DF4980CFD}"
EndProject
Project("{FAE04EC0-301F-11D3-BF4B-00C04F79EFBC}") = "EsRientroccs", "..\EsRientroccs\EsRientroccs\EsRientroccs.csproj", "{89428043-C322-4A2B-AD6D-4017A998D231}"
EndProject
Project("{FAE04EC0-301F-11D3-BF4B-00C04F79EFBC}") = "libreriaCS", "..\libreriaCS\libreriaCS\libreriaCS.csproj", "{EB6993D6-C315-4EA7-A0B2-3EC48965F84E}"
EndProject
Global
	GlobalSection(SolutionConfigurationPlatforms) = preSolution
		Debug|Any CPU = Debug|Any CPU
		Release|Any CPU = Release|Any CPU
	EndGlobalSection
	GlobalSection(ProjectConfigurationPlatforms) = postSolution
		{A41B6067-8AB2-4D5E-A904-A21DF4980CFD}.Debug|Any CPU.ActiveCfg = Debug|Any CPU
		{A41B6067-8AB2-4D5E-A904-A21DF4980CFD}.Debug|Any CPU.Build.0 = Debug|Any CPU
		{A41B6067-8AB2-4D5E-A904-A21DF4980CFD}.Release|Any CPU.ActiveCfg = Release|Any CPU
		{A41B6067-8AB2-4D5E-A904-A21DF4980CFD}.Release|Any CPU.Build.0 = Release|Any CPU
		{89428043-C322-4A2B-AD6D-4017A998D231}.Debug|Any CPU.ActiveCfg = Debug|Any CPU
		{89428043-C322-4A2B-AD6D-4017A998D231}.Debug|Any CPU.Build.0 = Debug|Any CPU
		{89428043-C322-4A2B-AD6D-4017A998D231}.Release|Any CPU.ActiveCfg = Release|Any CPU
		{89428043-C322-4A2B-AD6D-4017A998D231}.Release|Any CPU.Build.0 = Release|Any CPU
		{EB6993D6-C315-4EA7-A0B2-3EC48965F84E}.Debug|Any CPU.ActiveCfg = Debug|Any CPU
		{EB6993D6-C315-4EA7-A0B2-3EC48965F84E}.Debug|Any CPU.Build.0 = Debug|Any CPU
		{EB6993D6-C315-4EA7-A0B2-3EC48965F84E}.Release|Any CPU.ActiveCfg = Release|Any CPU
		{EB6993D6-C315-4EA7-A0B2-3EC48965F84E}.Release|Any CPU.Build.0 = Release|Any CPU
	EndGlobalSection
	GlobalSection(SolutionProperties) = preSolution
		HideSolutionNode = FALSE
	EndGlobalSection
	GlobalSection(ExtensibilityGlobals) = postSolution
		SolutionGuid = {847D3AB6-2204-460C-85D8-853DA5C7ED5D}
	EndGlobalSection
EndGlobal
